
Microsoft Visual Studio Solution File, Format Version 12.00
# Visual Studio Version 16
VisualStudioVersion = 16.0.30517.126
MinimumVisualStudioVersion = 10.0.40219.1
Project("{FAE04EC0-301F-11D3-BF4B-00C04F79EFBC}") = "BooleanLogicalOperators", "BooleanLogicalOperators\BooleanLogicalOperators.csproj", "{205E94EA-D80E-4479-AB85-81D629EC8348}"
EndProject
Project("{FAE04EC0-301F-11D3-BF4B-00C04F79EFBC}") = "LogIn", "LogIn\LogIn.csproj", "{4A587704-C91E-4D91-A40E-5988C3668574}"
EndProject
Global
	GlobalSection(SolutionConfigurationPlatforms) = preSolution
		Debug|Any CPU = Debug|Any CPU
		Release|Any CPU = Release|Any CPU
	EndGlobalSection
	GlobalSection(ProjectConfigurationPlatforms) = postSolution
		{205E94EA-D80E-4479-AB85-81D629EC8348}.Debug|Any CPU.ActiveCfg = Debug|Any CPU
		{205E94EA-D80E-4479-AB85-81D629EC8348}.Debug|Any CPU.Build.0 = Debug|Any CPU
		{205E94EA-D80E-4479-AB85-81D629EC8348}.Release|Any CPU.ActiveCfg = Release|Any CPU
		{205E94EA-D80E-4479-AB85-81D629EC8348}.Release|Any CPU.Build.0 = Release|Any CPU
		{4A587704-C91E-4D91-A40E-5988C3668574}.Debug|Any CPU.ActiveCfg = Debug|Any CPU
		{4A587704-C91E-4D91-A40E-5988C3668574}.Debug|Any CPU.Build.0 = Debug|Any CPU
		{4A587704-C91E-4D91-A40E-5988C3668574}.Release|Any CPU.ActiveCfg = Release|Any CPU
		{4A587704-C91E-4D91-A40E-5988C3668574}.Release|Any CPU.Build.0 = Release|Any CPU
	EndGlobalSection
	GlobalSection(SolutionProperties) = preSolution
		HideSolutionNode = FALSE
	EndGlobalSection
	GlobalSection(ExtensibilityGlobals) = postSolution
		SolutionGuid = {F036BA0B-C437-48C8-98CF-2DCFD7B53829}
	EndGlobalSection
EndGlobal
